{
  "originHash" : "de75bc6dce39a7deaaa3ef0c1ac81257b1da7dc56079190aa8c31160d46a470a",
  "pins" : [
    {
      "identity" : "eblitui-ios",
      "kind" : "remoteSourceControl",
      "location" : "https://github.com/user-none/eblitui-ios",
      "state" : {
        "revision" : "ab5a0037e17f2c2ba226257c78730bdd7239d00f",
        "version" : "0.2.0"
      }
    }
  ],
  "version" : 3
}
