{
  "originHash" : "de75bc6dce39a7deaaa3ef0c1ac81257b1da7dc56079190aa8c31160d46a470a",
  "pins" : [
    {
      "identity" : "eblitui-ios",
      "kind" : "remoteSourceControl",
      "location" : "https://github.com/user-none/eblitui-ios",
      "state" : {
        "revision" : "b7fbe8bc43098b326cf4a6a7bac94524dd66119a",
        "version" : "0.4.0"
      }
    }
  ],
  "version" : 3
}
